// !$*UTF8*$!
{
	archiveVersion = 1;
	classes = {
	};
	objectVersion = 46;
	objects = {

/* Begin PBXBuildFile section */
		2E484B9BD3C64F56B3654CD5 /* libPods.a in Frameworks */ = {isa = PBXBuildFile; fileRef = 0A5E5049FED3473C8F94A87C /* libPods.a */; };
		42FC10FD19760E7B00E8C64A /* Foundation.framework in Frameworks */ = {isa = PBXBuildFile; fileRef = 42FC10FC19760E7B00E8C64A /* Foundation.framework */; };
		42FC10FF19760E7B00E8C64A /* CoreGraphics.framework in Frameworks */ = {isa = PBXBuildFile; fileRef = 42FC10FE19760E7B00E8C64A /* CoreGraphics.framework */; };
		42FC110119760E7B00E8C64A /* UIKit.framework in Frameworks */ = {isa = PBXBuildFile; fileRef = 42FC110019760E7B00E8C64A /* UIKit.framework */; };
		42FC110719760E7B00E8C64A /* InfoPlist.strings in Resources */ = {isa = PBXBuildFile; fileRef = 42FC110519760E7B00E8C64A /* InfoPlist.strings */; };
		42FC110919760E7B00E8C64A /* main.m in Sources */ = {isa = PBXBuildFile; fileRef = 42FC110819760E7B00E8C64A /* main.m */; };
		42FC110D19760E7B00E8C64A /* AppDelegate.m in Sources */ = {isa = PBXBuildFile; fileRef = 42FC110C19760E7B00E8C64A /* AppDelegate.m */; };
		42FC110F19760E7B00E8C64A /* Images.xcassets in Resources */ = {isa = PBXBuildFile; fileRef = 42FC110E19760E7B00E8C64A /* Images.xcassets */; };
		42FC111619760E7B00E8C64A /* XCTest.framework in Frameworks */ = {isa = PBXBuildFile; fileRef = 42FC111519760E7B00E8C64A /* XCTest.framework */; };
		42FC111719760E7B00E8C64A /* Foundation.framework in Frameworks */ = {isa = PBXBuildFile; fileRef = 42FC10FC19760E7B00E8C64A /* Foundation.framework */; };
		42FC111819760E7B00E8C64A /* UIKit.framework in Frameworks */ = {isa = PBXBuildFile; fileRef = 42FC110019760E7B00E8C64A /* UIKit.framework */; };
		42FC112019760E7B00E8C64A /* InfoPlist.strings in Resources */ = {isa = PBXBuildFile; fileRef = 42FC111E19760E7B00E8C64A /* InfoPlist.strings */; };
		42FC112219760E7B00E8C64A /* chatclientTests.m in Sources */ = {isa = PBXBuildFile; fileRef = 42FC112119760E7B00E8C64A /* chatclientTests.m */; };
		42FC112E19760E9E00E8C64A /* ChatClientViewController.m in Sources */ = {isa = PBXBuildFile; fileRef = 42FC112C19760E9E00E8C64A /* ChatClientViewController.m */; };
		42FC112F19760E9E00E8C64A /* ChatClientViewController.xib in Resources */ = {isa = PBXBuildFile; fileRef = 42FC112D19760E9E00E8C64A /* ChatClientViewController.xib */; };
		42FC1133197614C300E8C64A /* LoginViewController.m in Sources */ = {isa = PBXBuildFile; fileRef = 42FC1131197614C300E8C64A /* LoginViewController.m */; };
		42FC1134197614C300E8C64A /* LoginViewController.xib in Resources */ = {isa = PBXBuildFile; fileRef = 42FC1132197614C300E8C64A /* LoginViewController.xib */; };
/* End PBXBuildFile section */

/* Begin PBXContainerItemProxy section */
		42FC111919760E7B00E8C64A /* PBXContainerItemProxy */ = {
			isa = PBXContainerItemProxy;
			containerPortal = 42FC10F119760E7A00E8C64A /* Project object */;
			proxyType = 1;
			remoteGlobalIDString = 42FC10F819760E7A00E8C64A;
			remoteInfo = chatclient;
		};
/* End PBXContainerItemProxy section */

/* Begin PBXFileReference section */
		0A5E5049FED3473C8F94A87C /* libPods.a */ = {isa = PBXFileReference; explicitFileType = archive.ar; includeInIndex = 0; path = libPods.a; sourceTree = BUILT_PRODUCTS_DIR; };
		42FC10F919760E7A00E8C64A /* chatclient.app */ = {isa = PBXFileReference; explicitFileType = wrapper.application; includeInIndex = 0; path = chatclient.app; sourceTree = BUILT_PRODUCTS_DIR; };
		42FC10FC19760E7B00E8C64A /* Foundation.framework */ = {isa = PBXFileReference; lastKnownFileType = wrapper.framework; name = Foundation.framework; path = System/Library/Frameworks/Foundation.framework; sourceTree = SDKROOT; };
		42FC10FE19760E7B00E8C64A /* CoreGraphics.framework */ = {isa = PBXFileReference; lastKnownFileType = wrapper.framework; name = CoreGraphics.framework; path = System/Library/Frameworks/CoreGraphics.framework; sourceTree = SDKROOT; };
		42FC110019760E7B00E8C64A /* UIKit.framework */ = {isa = PBXFileReference; lastKnownFileType = wrapper.framework; name = UIKit.framework; path = System/Library/Frameworks/UIKit.framework; sourceTree = SDKROOT; };
		42FC110419760E7B00E8C64A /* chatclient-Info.plist */ = {isa = PBXFileReference; lastKnownFileType = text.plist.xml; path = "chatclient-Info.plist"; sourceTree = "<group>"; };
		42FC110619760E7B00E8C64A /* en */ = {isa = PBXFileReference; lastKnownFileType = text.plist.strings; name = en; path = en.lproj/InfoPlist.strings; sourceTree = "<group>"; };
		42FC110819760E7B00E8C64A /* main.m */ = {isa = PBXFileReference; lastKnownFileType = sourcecode.c.objc; path = main.m; sourceTree = "<group>"; };
		42FC110A19760E7B00E8C64A /* chatclient-Prefix.pch */ = {isa = PBXFileReference; lastKnownFileType = sourcecode.c.h; path = "chatclient-Prefix.pch"; sourceTree = "<group>"; };
		42FC110B19760E7B00E8C64A /* AppDelegate.h */ = {isa = PBXFileReference; lastKnownFileType = sourcecode.c.h; path = AppDelegate.h; sourceTree = "<group>"; };
		42FC110C19760E7B00E8C64A /* AppDelegate.m */ = {isa = PBXFileReference; lastKnownFileType = sourcecode.c.objc; path = AppDelegate.m; sourceTree = "<group>"; };
		42FC110E19760E7B00E8C64A /* Images.xcassets */ = {isa = PBXFileReference; lastKnownFileType = folder.assetcatalog; path = Images.xcassets; sourceTree = "<group>"; };
		42FC111419760E7B00E8C64A /* chatclientTests.xctest */ = {isa = PBXFileReference; explicitFileType = wrapper.cfbundle; includeInIndex = 0; path = chatclientTests.xctest; sourceTree = BUILT_PRODUCTS_DIR; };
		42FC111519760E7B00E8C64A /* XCTest.framework */ = {isa = PBXFileReference; lastKnownFileType = wrapper.framework; name = XCTest.framework; path = Library/Frameworks/XCTest.framework; sourceTree = DEVELOPER_DIR; };
		42FC111D19760E7B00E8C64A /* chatclientTests-Info.plist */ = {isa = PBXFileReference; lastKnownFileType = text.plist.xml; path = "chatclientTests-Info.plist"; sourceTree = "<group>"; };
		42FC111F19760E7B00E8C64A /* en */ = {isa = PBXFileReference; lastKnownFileType = text.plist.strings; name = en; path = en.lproj/InfoPlist.strings; sourceTree = "<group>"; };
		42FC112119760E7B00E8C64A /* chatclientTests.m */ = {isa = PBXFileReference; lastKnownFileType = sourcecode.c.objc; path = chatclientTests.m; sourceTree = "<group>"; };
		42FC112B19760E9E00E8C64A /* ChatClientViewController.h */ = {isa = PBXFileReference; fileEncoding = 4; lastKnownFileType = sourcecode.c.h; path = ChatClientViewController.h; sourceTree = "<group>"; };
		42FC112C19760E9E00E8C64A /* ChatClientViewController.m */ = {isa = PBXFileReference; fileEncoding = 4; lastKnownFileType = sourcecode.c.objc; path = ChatClientViewController.m; sourceTree = "<group>"; };
		42FC112D19760E9E00E8C64A /* ChatClientViewController.xib */ = {isa = PBXFileReference; fileEncoding = 4; lastKnownFileType = file.xib; path = ChatClientViewController.xib; sourceTree = "<group>"; };
		42FC1130197614C300E8C64A /* LoginViewController.h */ = {isa = PBXFileReference; fileEncoding = 4; lastKnownFileType = sourcecode.c.h; path = LoginViewController.h; sourceTree = "<group>"; };
		42FC1131197614C300E8C64A /* LoginViewController.m */ = {isa = PBXFileReference; fileEncoding = 4; lastKnownFileType = sourcecode.c.objc; path = LoginViewController.m; sourceTree = "<group>"; };
		42FC1132197614C300E8C64A /* LoginViewController.xib */ = {isa = PBXFileReference; fileEncoding = 4; lastKnownFileType = file.xib; path = LoginViewController.xib; sourceTree = "<group>"; };
		FC460637AD10453F9DD3EFEC /* Pods.xcconfig */ = {isa = PBXFileReference; includeInIndex = 1; lastKnownFileType = text.xcconfig; name = Pods.xcconfig; path = Pods/Pods.xcconfig; sourceTree = "<group>"; };
/* End PBXFileReference section */

/* Begin PBXFrameworksBuildPhase section */
		42FC10F619760E7A00E8C64A /* Frameworks */ = {
			isa = PBXFrameworksBuildPhase;
			buildActionMask = 2147483647;
			files = (
				42FC10FF19760E7B00E8C64A /* CoreGraphics.framework in Frameworks */,
				42FC110119760E7B00E8C64A /* UIKit.framework in Frameworks */,
				42FC10FD19760E7B00E8C64A /* Foundation.framework in Frameworks */,
				2E484B9BD3C64F56B3654CD5 /* libPods.a in Frameworks */,
			);
			runOnlyForDeploymentPostprocessing = 0;
		};
		42FC111119760E7B00E8C64A /* Frameworks */ = {
			isa = PBXFrameworksBuildPhase;
			buildActionMask = 2147483647;
			files = (
				42FC111619760E7B00E8C64A /* XCTest.framework in Frameworks */,
				42FC111819760E7B00E8C64A /* UIKit.framework in Frameworks */,
				42FC111719760E7B00E8C64A /* Foundation.framework in Frameworks */,
			);
			runOnlyForDeploymentPostprocessing = 0;
		};
/* End PBXFrameworksBuildPhase section */

/* Begin PBXGroup section */
		42FC10F019760E7A00E8C64A = {
			isa = PBXGroup;
			children = (
				42FC110219760E7B00E8C64A /* chatclient */,
				42FC111B19760E7B00E8C64A /* chatclientTests */,
				42FC10FB19760E7A00E8C64A /* Frameworks */,
				42FC10FA19760E7A00E8C64A /* Products */,
				FC460637AD10453F9DD3EFEC /* Pods.xcconfig */,
			);
			sourceTree = "<group>";
		};
		42FC10FA19760E7A00E8C64A /* Products */ = {
			isa = PBXGroup;
			children = (
				42FC10F919760E7A00E8C64A /* chatclient.app */,
				42FC111419760E7B00E8C64A /* chatclientTests.xctest */,
			);
			name = Products;
			sourceTree = "<group>";
		};
		42FC10FB19760E7A00E8C64A /* Frameworks */ = {
			isa = PBXGroup;
			children = (
				42FC10FC19760E7B00E8C64A /* Foundation.framework */,
				42FC10FE19760E7B00E8C64A /* CoreGraphics.framework */,
				42FC110019760E7B00E8C64A /* UIKit.framework */,
				42FC111519760E7B00E8C64A /* XCTest.framework */,
				0A5E5049FED3473C8F94A87C /* libPods.a */,
			);
			name = Frameworks;
			sourceTree = "<group>";
		};
		42FC110219760E7B00E8C64A /* chatclient */ = {
			isa = PBXGroup;
			children = (
				42FC110B19760E7B00E8C64A /* AppDelegate.h */,
				42FC110C19760E7B00E8C64A /* AppDelegate.m */,
				42FC110E19760E7B00E8C64A /* Images.xcassets */,
				42FC110319760E7B00E8C64A /* Supporting Files */,
				42FC112B19760E9E00E8C64A /* ChatClientViewController.h */,
				42FC112C19760E9E00E8C64A /* ChatClientViewController.m */,
				42FC112D19760E9E00E8C64A /* ChatClientViewController.xib */,
				42FC1130197614C300E8C64A /* LoginViewController.h */,
				42FC1131197614C300E8C64A /* LoginViewController.m */,
				42FC1132197614C300E8C64A /* LoginViewController.xib */,
			);
			path = chatclient;
			sourceTree = "<group>";
		};
		42FC110319760E7B00E8C64A /* Supporting Files */ = {
			isa = PBXGroup;
			children = (
				42FC110419760E7B00E8C64A /* chatclient-Info.plist */,
				42FC110519760E7B00E8C64A /* InfoPlist.strings */,
				42FC110819760E7B00E8C64A /* main.m */,
				42FC110A19760E7B00E8C64A /* chatclient-Prefix.pch */,
			);
			name = "Supporting Files";
			sourceTree = "<group>";
		};
		42FC111B19760E7B00E8C64A /* chatclientTests */ = {
			isa = PBXGroup;
			children = (
				42FC112119760E7B00E8C64A /* chatclientTests.m */,
				42FC111C19760E7B00E8C64A /* Supporting Files */,
			);
			path = chatclientTests;
			sourceTree = "<group>";
		};
		42FC111C19760E7B00E8C64A /* Supporting Files */ = {
			isa = PBXGroup;
			children = (
				42FC111D19760E7B00E8C64A /* chatclientTests-Info.plist */,
				42FC111E19760E7B00E8C64A /* InfoPlist.strings */,
			);
			name = "Supporting Files";
			sourceTree = "<group>";
		};
/* End PBXGroup section */

/* Begin PBXNativeTarget section */
		42FC10F819760E7A00E8C64A /* chatclient */ = {
			isa = PBXNativeTarget;
			buildConfigurationList = 42FC112519760E7B00E8C64A /* Build configuration list for PBXNativeTarget "chatclient" */;
			buildPhases = (
				05A0D5BAB4034C879131A972 /* Check Pods Manifest.lock */,
				42FC10F519760E7A00E8C64A /* Sources */,
				42FC10F619760E7A00E8C64A /* Frameworks */,
				42FC10F719760E7A00E8C64A /* Resources */,
				681B28104A7F465D9A6AF604 /* Copy Pods Resources */,
			);
			buildRules = (
			);
			dependencies = (
			);
			name = chatclient;
			productName = chatclient;
			productReference = 42FC10F919760E7A00E8C64A /* chatclient.app */;
			productType = "com.apple.product-type.application";
		};
		42FC111319760E7B00E8C64A /* chatclientTests */ = {
			isa = PBXNativeTarget;
			buildConfigurationList = 42FC112819760E7B00E8C64A /* Build configuration list for PBXNativeTarget "chatclientTests" */;
			buildPhases = (
				42FC111019760E7B00E8C64A /* Sources */,
				42FC111119760E7B00E8C64A /* Frameworks */,
				42FC111219760E7B00E8C64A /* Resources */,
			);
			buildRules = (
			);
			dependencies = (
				42FC111A19760E7B00E8C64A /* PBXTargetDependency */,
			);
			name = chatclientTests;
			productName = chatclientTests;
			productReference = 42FC111419760E7B00E8C64A /* chatclientTests.xctest */;
			productType = "com.apple.product-type.bundle.unit-test";
		};
/* End PBXNativeTarget section */

/* Begin PBXProject section */
		42FC10F119760E7A00E8C64A /* Project object */ = {
			isa = PBXProject;
			attributes = {
				LastUpgradeCheck = 0510;
				ORGANIZATIONNAME = "Y.CORP.YAHOO.COM\\natarajk";
				TargetAttributes = {
					42FC111319760E7B00E8C64A = {
						TestTargetID = 42FC10F819760E7A00E8C64A;
					};
				};
			};
			buildConfigurationList = 42FC10F419760E7A00E8C64A /* Build configuration list for PBXProject "chatclient" */;
			compatibilityVersion = "Xcode 3.2";
			developmentRegion = English;
			hasScannedForEncodings = 0;
			knownRegions = (
				en,
			);
			mainGroup = 42FC10F019760E7A00E8C64A;
			productRefGroup = 42FC10FA19760E7A00E8C64A /* Products */;
			projectDirPath = "";
			projectRoot = "";
			targets = (
				42FC10F819760E7A00E8C64A /* chatclient */,
				42FC111319760E7B00E8C64A /* chatclientTests */,
			);
		};
/* End PBXProject section */

/* Begin PBXResourcesBuildPhase section */
		42FC10F719760E7A00E8C64A /* Resources */ = {
			isa = PBXResourcesBuildPhase;
			buildActionMask = 2147483647;
			files = (
				42FC1134197614C300E8C64A /* LoginViewController.xib in Resources */,
				42FC112F19760E9E00E8C64A /* ChatClientViewController.xib in Resources */,
				42FC110719760E7B00E8C64A /* InfoPlist.strings in Resources */,
				42FC110F19760E7B00E8C64A /* Images.xcassets in Resources */,
			);
			runOnlyForDeploymentPostprocessing = 0;
		};
		42FC111219760E7B00E8C64A /* Resources */ = {
			isa = PBXResourcesBuildPhase;
			buildActionMask = 2147483647;
			files = (
				42FC112019760E7B00E8C64A /* InfoPlist.strings in Resources */,
			);
			runOnlyForDeploymentPostprocessing = 0;
		};
/* End PBXResourcesBuildPhase section */

/* Begin PBXShellScriptBuildPhase section */
		05A0D5BAB4034C879131A972 /* Check Pods Manifest.lock */ = {
			isa = PBXShellScriptBuildPhase;
			buildActionMask = 2147483647;
			files = (
			);
			inputPaths = (
			);
			name = "Check Pods Manifest.lock";
			outputPaths = (
			);
			runOnlyForDeploymentPostprocessing = 0;
			shellPath = /bin/sh;
			shellScript = "diff \"${PODS_ROOT}/../Podfile.lock\" \"${PODS_ROOT}/Manifest.lock\" > /dev/null\nif [[ $? != 0 ]] ; then\n    cat << EOM\nerror: The sandbox is not in sync with the Podfile.lock. Run 'pod install' or update your CocoaPods installation.\nEOM\n    exit 1\nfi\n";
			showEnvVarsInLog = 0;
		};
		681B28104A7F465D9A6AF604 /* Copy Pods Resources */ = {
			isa = PBXShellScriptBuildPhase;
			buildActionMask = 2147483647;
			files = (
			);
			inputPaths = (
			);
			name = "Copy Pods Resources";
			outputPaths = (
			);
			runOnlyForDeploymentPostprocessing = 0;
			shellPath = /bin/sh;
			shellScript = "\"${SRCROOT}/Pods/Pods-resources.sh\"\n";
			showEnvVarsInLog = 0;
		};
/* End PBXShellScriptBuildPhase section */

/* Begin PBXSourcesBuildPhase section */
		42FC10F519760E7A00E8C64A /* Sources */ = {
			isa = PBXSourcesBuildPhase;
			buildActionMask = 2147483647;
			files = (
				42FC1133197614C300E8C64A /* LoginViewController.m in Sources */,
				42FC112E19760E9E00E8C64A /* ChatClientViewController.m in Sources */,
				42FC110D19760E7B00E8C64A /* AppDelegate.m in Sources */,
				42FC110919760E7B00E8C64A /* main.m in Sources */,
			);
			runOnlyForDeploymentPostprocessing = 0;
		};
		42FC111019760E7B00E8C64A /* Sources */ = {
			isa = PBXSourcesBuildPhase;
			buildActionMask = 2147483647;
			files = (
				42FC112219760E7B00E8C64A /* chatclientTests.m in Sources */,
			);
			runOnlyForDeploymentPostprocessing = 0;
		};
/* End PBXSourcesBuildPhase section */

/* Begin PBXTargetDependency section */
		42FC111A19760E7B00E8C64A /* PBXTargetDependency */ = {
			isa = PBXTargetDependency;
			target = 42FC10F819760E7A00E8C64A /* chatclient */;
			targetProxy = 42FC111919760E7B00E8C64A /* PBXContainerItemProxy */;
		};
/* End PBXTargetDependency section */

/* Begin PBXVariantGroup section */
		42FC110519760E7B00E8C64A /* InfoPlist.strings */ = {
			isa = PBXVariantGroup;
			children = (
				42FC110619760E7B00E8C64A /* en */,
			);
			name = InfoPlist.strings;
			sourceTree = "<group>";
		};
		42FC111E19760E7B00E8C64A /* InfoPlist.strings */ = {
			isa = PBXVariantGroup;
			children = (
				42FC111F19760E7B00E8C64A /* en */,
			);
			name = InfoPlist.strings;
			sourceTree = "<group>";
		};
/* End PBXVariantGroup section */

/* Begin XCBuildConfiguration section */
		42FC112319760E7B00E8C64A /* Debug */ = {
			isa = XCBuildConfiguration;
			buildSettings = {
				ALWAYS_SEARCH_USER_PATHS = NO;
				CLANG_CXX_LANGUAGE_STANDARD = "gnu++0x";
				CLANG_CXX_LIBRARY = "libc++";
				CLANG_ENABLE_MODULES = YES;
				CLANG_ENABLE_OBJC_ARC = YES;
				CLANG_WARN_BOOL_CONVERSION = YES;
				CLANG_WARN_CONSTANT_CONVERSION = YES;
				CLANG_WARN_DIRECT_OBJC_ISA_USAGE = YES_ERROR;
				CLANG_WARN_EMPTY_BODY = YES;
				CLANG_WARN_ENUM_CONVERSION = YES;
				CLANG_WARN_INT_CONVERSION = YES;
				CLANG_WARN_OBJC_ROOT_CLASS = YES_ERROR;
				CLANG_WARN__DUPLICATE_METHOD_MATCH = YES;
				"CODE_SIGN_IDENTITY[sdk=iphoneos*]" = "iPhone Developer";
				COPY_PHASE_STRIP = NO;
				GCC_C_LANGUAGE_STANDARD = gnu99;
				GCC_DYNAMIC_NO_PIC = NO;
				GCC_OPTIMIZATION_LEVEL = 0;
				GCC_PREPROCESSOR_DEFINITIONS = (
					"DEBUG=1",
					"$(inherited)",
				);
				GCC_SYMBOLS_PRIVATE_EXTERN = NO;
				GCC_WARN_64_TO_32_BIT_CONVERSION = YES;
				GCC_WARN_ABOUT_RETURN_TYPE = YES_ERROR;
				GCC_WARN_UNDECLARED_SELECTOR = YES;
				GCC_WARN_UNINITIALIZED_AUTOS = YES_AGGRESSIVE;
				GCC_WARN_UNUSED_FUNCTION = YES;
				GCC_WARN_UNUSED_VARIABLE = YES;
				IPHONEOS_DEPLOYMENT_TARGET = 7.1;
				ONLY_ACTIVE_ARCH = YES;
				SDKROOT = iphoneos;
			};
			name = Debug;
		};
		42FC112419760E7B00E8C64A /* Release */ = {
			isa = XCBuildConfiguration;
			buildSettings = {
				ALWAYS_SEARCH_USER_PATHS = NO;
				CLANG_CXX_LANGUAGE_STANDARD = "gnu++0x";
				CLANG_CXX_LIBRARY = "libc++";
				CLANG_ENABLE_MODULES = YES;
				CLANG_ENABLE_OBJC_ARC = YES;
				CLANG_WARN_BOOL_CONVERSION = YES;
				CLANG_WARN_CONSTANT_CONVERSION = YES;
				CLANG_WARN_DIRECT_OBJC_ISA_USAGE = YES_ERROR;
				CLANG_WARN_EMPTY_BODY = YES;
				CLANG_WARN_ENUM_CONVERSION = YES;
				CLANG_WARN_INT_CONVERSION = YES;
				CLANG_WARN_OBJC_ROOT_CLASS = YES_ERROR;
				CLANG_WARN__DUPLICATE_METHOD_MATCH = YES;
				"CODE_SIGN_IDENTITY[sdk=iphoneos*]" = "iPhone Developer";
				COPY_PHASE_STRIP = YES;
				ENABLE_NS_ASSERTIONS = NO;
				GCC_C_LANGUAGE_STANDARD = gnu99;
				GCC_WARN_64_TO_32_BIT_CONVERSION = YES;
				GCC_WARN_ABOUT_RETURN_TYPE = YES_ERROR;
				GCC_WARN_UNDECLARED_SELECTOR = YES;
				GCC_WARN_UNINITIALIZED_AUTOS = YES_AGGRESSIVE;
				GCC_WARN_UNUSED_FUNCTION = YES;
				GCC_WARN_UNUSED_VARIABLE = YES;
				IPHONEOS_DEPLOYMENT_TARGET = 7.1;
				SDKROOT = iphoneos;
				VALIDATE_PRODUCT = YES;
			};
			name = Release;
		};
		42FC112619760E7B00E8C64A /* Debug */ = {
			isa = XCBuildConfiguration;
			baseConfigurationReference = FC460637AD10453F9DD3EFEC /* Pods.xcconfig */;
			buildSettings = {
				ASSETCATALOG_COMPILER_APPICON_NAME = AppIcon;
				ASSETCATALOG_COMPILER_LAUNCHIMAGE_NAME = LaunchImage;
				GCC_PRECOMPILE_PREFIX_HEADER = YES;
				GCC_PREFIX_HEADER = "chatclient/chatclient-Prefix.pch";
				INFOPLIST_FILE = "chatclient/chatclient-Info.plist";
				PRODUCT_NAME = "$(TARGET_NAME)";
				WRAPPER_EXTENSION = app;
			};
			name = Debug;
		};
		42FC112719760E7B00E8C64A /* Release */ = {
			isa = XCBuildConfiguration;
			baseConfigurationReference = FC460637AD10453F9DD3EFEC /* Pods.xcconfig */;
			buildSettings = {
				ASSETCATALOG_COMPILER_APPICON_NAME = AppIcon;
				ASSETCATALOG_COMPILER_LAUNCHIMAGE_NAME = LaunchImage;
				GCC_PRECOMPILE_PREFIX_HEADER = YES;
				GCC_PREFIX_HEADER = "chatclient/chatclient-Prefix.pch";
				INFOPLIST_FILE = "chatclient/chatclient-Info.plist";
				PRODUCT_NAME = "$(TARGET_NAME)";
				WRAPPER_EXTENSION = app;
			};
			name = Release;
		};
		42FC112919760E7B00E8C64A /* Debug */ = {
			isa = XCBuildConfiguration;
			buildSettings = {
				BUNDLE_LOADER = "$(BUILT_PRODUCTS_DIR)/chatclient.app/chatclient";
				FRAMEWORK_SEARCH_PATHS = (
					"$(SDKROOT)/Developer/Library/Frameworks",
					"$(inherited)",
					"$(DEVELOPER_FRAMEWORKS_DIR)",
				);
				GCC_PRECOMPILE_PREFIX_HEADER = YES;
				GCC_PREFIX_HEADER = "chatclient/chatclient-Prefix.pch";
				GCC_PREPROCESSOR_DEFINITIONS = (
					"DEBUG=1",
					"$(inherited)",
				);
				INFOPLIST_FILE = "chatclientTests/chatclientTests-Info.plist";
				PRODUCT_NAME = "$(TARGET_NAME)";
				TEST_HOST = "$(BUNDLE_LOADER)";
				WRAPPER_EXTENSION = xctest;
			};
			name = Debug;
		};
		42FC112A19760E7B00E8C64A /* Release */ = {
			isa = XCBuildConfiguration;
			buildSettings = {
				BUNDLE_LOADER = "$(BUILT_PRODUCTS_DIR)/chatclient.app/chatclient";
				FRAMEWORK_SEARCH_PATHS = (
					"$(SDKROOT)/Developer/Library/Frameworks",
					"$(inherited)",
					"$(DEVELOPER_FRAMEWORKS_DIR)",
				);
				GCC_PRECOMPILE_PREFIX_HEADER = YES;
				GCC_PREFIX_HEADER = "chatclient/chatclient-Prefix.pch";
				INFOPLIST_FILE = "chatclientTests/chatclientTests-Info.plist";
				PRODUCT_NAME = "$(TARGET_NAME)";
				TEST_HOST = "$(BUNDLE_LOADER)";
				WRAPPER_EXTENSION = xctest;
			};
			name = Release;
		};
/* End XCBuildConfiguration section */

/* Begin XCConfigurationList section */
		42FC10F419760E7A00E8C64A /* Build configuration list for PBXProject "chatclient" */ = {
			isa = XCConfigurationList;
			buildConfigurations = (
				42FC112319760E7B00E8C64A /* Debug */,
				42FC112419760E7B00E8C64A /* Release */,
			);
			defaultConfigurationIsVisible = 0;
			defaultConfigurationName = Release;
		};
		42FC112519760E7B00E8C64A /* Build configuration list for PBXNativeTarget "chatclient" */ = {
			isa = XCConfigurationList;
			buildConfigurations = (
				42FC112619760E7B00E8C64A /* Debug */,
				42FC112719760E7B00E8C64A /* Release */,
			);
			defaultConfigurationIsVisible = 0;
			defaultConfigurationName = Release;
		};
		42FC112819760E7B00E8C64A /* Build configuration list for PBXNativeTarget "chatclientTests" */ = {
			isa = XCConfigurationList;
			buildConfigurations = (
				42FC112919760E7B00E8C64A /* Debug */,
				42FC112A19760E7B00E8C64A /* Release */,
			);
			defaultConfigurationIsVisible = 0;
			defaultConfigurationName = Release;
		};
/* End XCConfigurationList section */
	};
	rootObject = 42FC10F119760E7A00E8C64A /* Project object */;
}
